
Microsoft Visual Studio Solution File, Format Version 12.00
# Visual Studio 15
VisualStudioVersion = 15.0.28010.2019
MinimumVisualStudioVersion = 10.0.40219.1
Project("{FAE04EC0-301F-11D3-BF4B-00C04F79EFBC}") = "Assignment1", "Assignment1\Assignment1.csproj", "{2543E11F-1BB5-4DE9-B5CF-F1A4A666335D}"
EndProject
Global
	GlobalSection(SolutionConfigurationPlatforms) = preSolution
		Debug|Any CPU = Debug|Any CPU
		Release|Any CPU = Release|Any CPU
	EndGlobalSection
	GlobalSection(ProjectConfigurationPlatforms) = postSolution
		{2543E11F-1BB5-4DE9-B5CF-F1A4A666335D}.Debug|Any CPU.ActiveCfg = Debug|Any CPU
		{2543E11F-1BB5-4DE9-B5CF-F1A4A666335D}.Debug|Any CPU.Build.0 = Debug|Any CPU
		{2543E11F-1BB5-4DE9-B5CF-F1A4A666335D}.Release|Any CPU.ActiveCfg = Release|Any CPU
		{2543E11F-1BB5-4DE9-B5CF-F1A4A666335D}.Release|Any CPU.Build.0 = Release|Any CPU
	EndGlobalSection
	GlobalSection(SolutionProperties) = preSolution
		HideSolutionNode = FALSE
	EndGlobalSection
	GlobalSection(ExtensibilityGlobals) = postSolution
		SolutionGuid = {1E2A8C22-6328-4C28-A8CB-D5B6CF5D3F43}
	EndGlobalSection
EndGlobal
